
Microsoft Visual Studio Solution File, Format Version 12.00
# Visual Studio Version 17
VisualStudioVersion = 17.5.002.0
MinimumVisualStudioVersion = 10.0.40219.1
Project("{9A19103F-16F7-4668-BE54-9A1E7A4F7556}") = "myWebApp", "src\myWebApp.csproj", "{4C0DC255-6A92-4FD2-A3D2-A4A2E678D079}"
EndProject
Project("{9A19103F-16F7-4668-BE54-9A1E7A4F7556}") = "tests", "tests\tests.csproj", "{CD5725E0-A3E4-4351-B7C3-5B5694310D51}"
EndProject
Global
	GlobalSection(SolutionConfigurationPlatforms) = preSolution
		Debug|Any CPU = Debug|Any CPU
		Release|Any CPU = Release|Any CPU
	EndGlobalSection
	GlobalSection(ProjectConfigurationPlatforms) = postSolution
		{4C0DC255-6A92-4FD2-A3D2-A4A2E678D079}.Debug|Any CPU.ActiveCfg = Debug|Any CPU
		{4C0DC255-6A92-4FD2-A3D2-A4A2E678D079}.Debug|Any CPU.Build.0 = Debug|Any CPU
		{4C0DC255-6A92-4FD2-A3D2-A4A2E678D079}.Release|Any CPU.ActiveCfg = Release|Any CPU
		{4C0DC255-6A92-4FD2-A3D2-A4A2E678D079}.Release|Any CPU.Build.0 = Release|Any CPU
		{CD5725E0-A3E4-4351-B7C3-5B5694310D51}.Debug|Any CPU.ActiveCfg = Debug|Any CPU
		{CD5725E0-A3E4-4351-B7C3-5B5694310D51}.Debug|Any CPU.Build.0 = Debug|Any CPU
		{CD5725E0-A3E4-4351-B7C3-5B5694310D51}.Release|Any CPU.ActiveCfg = Release|Any CPU
		{CD5725E0-A3E4-4351-B7C3-5B5694310D51}.Release|Any CPU.Build.0 = Release|Any CPU
	EndGlobalSection
	GlobalSection(SolutionProperties) = preSolution
		HideSolutionNode = FALSE
	EndGlobalSection
	GlobalSection(ExtensibilityGlobals) = postSolution
		SolutionGuid = {853C1A43-2731-4D4F-9BF7-9A0B558CEED4}
	EndGlobalSection
EndGlobal
